
Microsoft Visual Studio Solution File, Format Version 12.00
# Visual Studio Version 17
VisualStudioVersion = 17.0.31903.59
MinimumVisualStudioVersion = 10.0.40219.1
Project("{2150E333-8FDC-42A3-9474-1A3956D46DE8}") = "src", "src", "{103ADB08-60B4-425D-BCDA-FE71738F2081}"
EndProject
Project("{FAE04EC0-301F-11D3-BF4B-00C04F79EFBC}") = "ScrumManager.App", "src\ScrumManager.App\ScrumManager.App.csproj", "{6E267100-2A31-4D22-947D-D1B23CF67A11}"
EndProject
Project("{FAE04EC0-301F-11D3-BF4B-00C04F79EFBC}") = "ScrumManager.Core", "src\ScrumManager.Core\ScrumManager.Core.csproj", "{74CDEAE5-6723-4696-ABA2-769186D95645}"
EndProject
Project("{FAE04EC0-301F-11D3-BF4B-00C04F79EFBC}") = "ScrumManager.Data", "src\ScrumManager.Data\ScrumManager.Data.csproj", "{63CCB0DB-5555-42A2-AA7C-5E416CB60A62}"
EndProject
Project("{FAE04EC0-301F-11D3-BF4B-00C04F79EFBC}") = "ScrumManager.Services", "src\ScrumManager.Services\ScrumManager.Services.csproj", "{8444123B-3CD3-40B3-95C2-76F0E84E459D}"
EndProject
Global
	GlobalSection(SolutionConfigurationPlatforms) = preSolution
		Debug|Any CPU = Debug|Any CPU
		Release|Any CPU = Release|Any CPU
	EndGlobalSection
	GlobalSection(SolutionProperties) = preSolution
		HideSolutionNode = FALSE
	EndGlobalSection
	GlobalSection(ProjectConfigurationPlatforms) = postSolution
		{6E267100-2A31-4D22-947D-D1B23CF67A11}.Debug|Any CPU.ActiveCfg = Debug|Any CPU
		{6E267100-2A31-4D22-947D-D1B23CF67A11}.Debug|Any CPU.Build.0 = Debug|Any CPU
		{6E267100-2A31-4D22-947D-D1B23CF67A11}.Release|Any CPU.ActiveCfg = Release|Any CPU
		{6E267100-2A31-4D22-947D-D1B23CF67A11}.Release|Any CPU.Build.0 = Release|Any CPU
		{74CDEAE5-6723-4696-ABA2-769186D95645}.Debug|Any CPU.ActiveCfg = Debug|Any CPU
		{74CDEAE5-6723-4696-ABA2-769186D95645}.Debug|Any CPU.Build.0 = Debug|Any CPU
		{74CDEAE5-6723-4696-ABA2-769186D95645}.Release|Any CPU.ActiveCfg = Release|Any CPU
		{74CDEAE5-6723-4696-ABA2-769186D95645}.Release|Any CPU.Build.0 = Release|Any CPU
		{63CCB0DB-5555-42A2-AA7C-5E416CB60A62}.Debug|Any CPU.ActiveCfg = Debug|Any CPU
		{63CCB0DB-5555-42A2-AA7C-5E416CB60A62}.Debug|Any CPU.Build.0 = Debug|Any CPU
		{63CCB0DB-5555-42A2-AA7C-5E416CB60A62}.Release|Any CPU.ActiveCfg = Release|Any CPU
		{63CCB0DB-5555-42A2-AA7C-5E416CB60A62}.Release|Any CPU.Build.0 = Release|Any CPU
		{8444123B-3CD3-40B3-95C2-76F0E84E459D}.Debug|Any CPU.ActiveCfg = Debug|Any CPU
		{8444123B-3CD3-40B3-95C2-76F0E84E459D}.Debug|Any CPU.Build.0 = Debug|Any CPU
		{8444123B-3CD3-40B3-95C2-76F0E84E459D}.Release|Any CPU.ActiveCfg = Release|Any CPU
		{8444123B-3CD3-40B3-95C2-76F0E84E459D}.Release|Any CPU.Build.0 = Release|Any CPU
	EndGlobalSection
	GlobalSection(NestedProjects) = preSolution
		{6E267100-2A31-4D22-947D-D1B23CF67A11} = {103ADB08-60B4-425D-BCDA-FE71738F2081}
		{74CDEAE5-6723-4696-ABA2-769186D95645} = {103ADB08-60B4-425D-BCDA-FE71738F2081}
		{63CCB0DB-5555-42A2-AA7C-5E416CB60A62} = {103ADB08-60B4-425D-BCDA-FE71738F2081}
		{8444123B-3CD3-40B3-95C2-76F0E84E459D} = {103ADB08-60B4-425D-BCDA-FE71738F2081}
	EndGlobalSection
EndGlobal
